
Microsoft Visual Studio Solution File, Format Version 12.00
# Visual Studio Version 16
VisualStudioVersion = 16.0.32106.194
MinimumVisualStudioVersion = 10.0.40219.1
Project("{FAE04EC0-301F-11D3-BF4B-00C04F79EFBC}") = "RestaurantMenu-WebApi", "..\RestaurantMenu-WebApi\RestaurantMenu-WebApi.csproj", "{0A2367D4-D204-4549-9A15-B6A9AAD9A019}"
EndProject
Project("{FAE04EC0-301F-11D3-BF4B-00C04F79EFBC}") = "RestaurantMenu-BusinessLogic", "..\RestaurantMenu-BusinessLogic\RestaurantMenu-BusinessLogic.csproj", "{4140464C-DBC2-49D1-ACF9-7FF2AA424A9F}"
EndProject
Project("{FAE04EC0-301F-11D3-BF4B-00C04F79EFBC}") = "RestaurantMenu-Entities", "..\RestaurantMenu-Entities\RestaurantMenu-Entities.csproj", "{7B884293-A9BB-4670-9291-33F7EA913ED7}"
EndProject
Project("{FAE04EC0-301F-11D3-BF4B-00C04F79EFBC}") = "RestaurantMenu-DataAccess", "..\RestaurantMenu-DataAccess\RestaurantMenu-DataAccess.csproj", "{2F939A24-DDFB-49A8-A947-E293415C0A7B}"
EndProject
Global
	GlobalSection(SolutionConfigurationPlatforms) = preSolution
		Debug|Any CPU = Debug|Any CPU
		Release|Any CPU = Release|Any CPU
	EndGlobalSection
	GlobalSection(ProjectConfigurationPlatforms) = postSolution
		{0A2367D4-D204-4549-9A15-B6A9AAD9A019}.Debug|Any CPU.ActiveCfg = Debug|Any CPU
		{0A2367D4-D204-4549-9A15-B6A9AAD9A019}.Debug|Any CPU.Build.0 = Debug|Any CPU
		{0A2367D4-D204-4549-9A15-B6A9AAD9A019}.Release|Any CPU.ActiveCfg = Release|Any CPU
		{0A2367D4-D204-4549-9A15-B6A9AAD9A019}.Release|Any CPU.Build.0 = Release|Any CPU
		{4140464C-DBC2-49D1-ACF9-7FF2AA424A9F}.Debug|Any CPU.ActiveCfg = Debug|Any CPU
		{4140464C-DBC2-49D1-ACF9-7FF2AA424A9F}.Debug|Any CPU.Build.0 = Debug|Any CPU
		{4140464C-DBC2-49D1-ACF9-7FF2AA424A9F}.Release|Any CPU.ActiveCfg = Release|Any CPU
		{4140464C-DBC2-49D1-ACF9-7FF2AA424A9F}.Release|Any CPU.Build.0 = Release|Any CPU
		{7B884293-A9BB-4670-9291-33F7EA913ED7}.Debug|Any CPU.ActiveCfg = Debug|Any CPU
		{7B884293-A9BB-4670-9291-33F7EA913ED7}.Debug|Any CPU.Build.0 = Debug|Any CPU
		{7B884293-A9BB-4670-9291-33F7EA913ED7}.Release|Any CPU.ActiveCfg = Release|Any CPU
		{7B884293-A9BB-4670-9291-33F7EA913ED7}.Release|Any CPU.Build.0 = Release|Any CPU
		{2F939A24-DDFB-49A8-A947-E293415C0A7B}.Debug|Any CPU.ActiveCfg = Debug|Any CPU
		{2F939A24-DDFB-49A8-A947-E293415C0A7B}.Debug|Any CPU.Build.0 = Debug|Any CPU
		{2F939A24-DDFB-49A8-A947-E293415C0A7B}.Release|Any CPU.ActiveCfg = Release|Any CPU
		{2F939A24-DDFB-49A8-A947-E293415C0A7B}.Release|Any CPU.Build.0 = Release|Any CPU
	EndGlobalSection
	GlobalSection(SolutionProperties) = preSolution
		HideSolutionNode = FALSE
	EndGlobalSection
	GlobalSection(ExtensibilityGlobals) = postSolution
		SolutionGuid = {C6995AF7-E137-4F11-87D2-A5F1BFD8C705}
	EndGlobalSection
EndGlobal
